// !$*UTF8*$!
{
	archiveVersion = 1;
	classes = {
	};
	objectVersion = 46;
	objects = {

/* Begin PBXBuildFile section */
		25B2942719E384C5003AB83F /* AppDelegate.swift in Sources */ = {isa = PBXBuildFile; fileRef = 25B2942619E384C5003AB83F /* AppDelegate.swift */; };
		25B2942919E384C5003AB83F /* ViewController.swift in Sources */ = {isa = PBXBuildFile; fileRef = 25B2942819E384C5003AB83F /* ViewController.swift */; };
		25B2942C19E384C5003AB83F /* Main.storyboard in Resources */ = {isa = PBXBuildFile; fileRef = 25B2942A19E384C5003AB83F /* Main.storyboard */; };
		25B2942E19E384C5003AB83F /* Images.xcassets in Resources */ = {isa = PBXBuildFile; fileRef = 25B2942D19E384C5003AB83F /* Images.xcassets */; };
		25B2943119E384C5003AB83F /* LaunchScreen.xib in Resources */ = {isa = PBXBuildFile; fileRef = 25B2942F19E384C5003AB83F /* LaunchScreen.xib */; };
		25B2943D19E384C5003AB83F /* PostcardTests.swift in Sources */ = {isa = PBXBuildFile; fileRef = 25B2943C19E384C5003AB83F /* PostcardTests.swift */; };
		25B2944819E38D90003AB83F /* AlbertEinsteinStamp.jpg in Resources */ = {isa = PBXBuildFile; fileRef = 25B2944619E38D90003AB83F /* AlbertEinsteinStamp.jpg */; };
		25B2944919E38D90003AB83F /* SagradaFamilia.jpeg in Resources */ = {isa = PBXBuildFile; fileRef = 25B2944719E38D90003AB83F /* SagradaFamilia.jpeg */; };
/* End PBXBuildFile section */

/* Begin PBXContainerItemProxy section */
		25B2943719E384C5003AB83F /* PBXContainerItemProxy */ = {
			isa = PBXContainerItemProxy;
			containerPortal = 25B2941919E384C5003AB83F /* Project object */;
			proxyType = 1;
			remoteGlobalIDString = 25B2942019E384C5003AB83F;
			remoteInfo = Postcard;
		};
/* End PBXContainerItemProxy section */

/* Begin PBXFileReference section */
		25B2942119E384C5003AB83F /* Postcard.app */ = {isa = PBXFileReference; explicitFileType = wrapper.application; includeInIndex = 0; path = Postcard.app; sourceTree = BUILT_PRODUCTS_DIR; };
		25B2942519E384C5003AB83F /* Info.plist */ = {isa = PBXFileReference; lastKnownFileType = text.plist.xml; path = Info.plist; sourceTree = "<group>"; };
		25B2942619E384C5003AB83F /* AppDelegate.swift */ = {isa = PBXFileReference; lastKnownFileType = sourcecode.swift; path = AppDelegate.swift; sourceTree = "<group>"; };
		25B2942819E384C5003AB83F /* ViewController.swift */ = {isa = PBXFileReference; lastKnownFileType = sourcecode.swift; path = ViewController.swift; sourceTree = "<group>"; };
		25B2942B19E384C5003AB83F /* Base */ = {isa = PBXFileReference; lastKnownFileType = file.storyboard; name = Base; path = Base.lproj/Main.storyboard; sourceTree = "<group>"; };
		25B2942D19E384C5003AB83F /* Images.xcassets */ = {isa = PBXFileReference; lastKnownFileType = folder.assetcatalog; path = Images.xcassets; sourceTree = "<group>"; };
		25B2943019E384C5003AB83F /* Base */ = {isa = PBXFileReference; lastKnownFileType = file.xib; name = Base; path = Base.lproj/LaunchScreen.xib; sourceTree = "<group>"; };
		25B2943619E384C5003AB83F /* PostcardTests.xctest */ = {isa = PBXFileReference; explicitFileType = wrapper.cfbundle; includeInIndex = 0; path = PostcardTests.xctest; sourceTree = BUILT_PRODUCTS_DIR; };
		25B2943B19E384C5003AB83F /* Info.plist */ = {isa = PBXFileReference; lastKnownFileType = text.plist.xml; path = Info.plist; sourceTree = "<group>"; };
		25B2943C19E384C5003AB83F /* PostcardTests.swift */ = {isa = PBXFileReference; lastKnownFileType = sourcecode.swift; path = PostcardTests.swift; sourceTree = "<group>"; };
		25B2944619E38D90003AB83F /* AlbertEinsteinStamp.jpg */ = {isa = PBXFileReference; lastKnownFileType = image.jpeg; path = AlbertEinsteinStamp.jpg; sourceTree = "<group>"; };
		25B2944719E38D90003AB83F /* SagradaFamilia.jpeg */ = {isa = PBXFileReference; lastKnownFileType = image.jpeg; path = SagradaFamilia.jpeg; sourceTree = "<group>"; };
/* End PBXFileReference section */

/* Begin PBXFrameworksBuildPhase section */
		25B2941E19E384C5003AB83F /* Frameworks */ = {
			isa = PBXFrameworksBuildPhase;
			buildActionMask = 2147483647;
			files = (
			);
			runOnlyForDeploymentPostprocessing = 0;
		};
		25B2943319E384C5003AB83F /* Frameworks */ = {
			isa = PBXFrameworksBuildPhase;
			buildActionMask = 2147483647;
			files = (
			);
			runOnlyForDeploymentPostprocessing = 0;
		};
/* End PBXFrameworksBuildPhase section */

/* Begin PBXGroup section */
		25B2941819E384C5003AB83F = {
			isa = PBXGroup;
			children = (
				25B2942319E384C5003AB83F /* Postcard */,
				25B2943919E384C5003AB83F /* PostcardTests */,
				25B2942219E384C5003AB83F /* Products */,
			);
			sourceTree = "<group>";
		};
		25B2942219E384C5003AB83F /* Products */ = {
			isa = PBXGroup;
			children = (
				25B2942119E384C5003AB83F /* Postcard.app */,
				25B2943619E384C5003AB83F /* PostcardTests.xctest */,
			);
			name = Products;
			sourceTree = "<group>";
		};
		25B2942319E384C5003AB83F /* Postcard */ = {
			isa = PBXGroup;
			children = (
				25B2942619E384C5003AB83F /* AppDelegate.swift */,
				25B2942819E384C5003AB83F /* ViewController.swift */,
				25B2942A19E384C5003AB83F /* Main.storyboard */,
				25B2942D19E384C5003AB83F /* Images.xcassets */,
				25B2942F19E384C5003AB83F /* LaunchScreen.xib */,
				25B2942419E384C5003AB83F /* Supporting Files */,
			);
			path = Postcard;
			sourceTree = "<group>";
		};
		25B2942419E384C5003AB83F /* Supporting Files */ = {
			isa = PBXGroup;
			children = (
				25B2944619E38D90003AB83F /* AlbertEinsteinStamp.jpg */,
				25B2944719E38D90003AB83F /* SagradaFamilia.jpeg */,
				25B2942519E384C5003AB83F /* Info.plist */,
			);
			name = "Supporting Files";
			sourceTree = "<group>";
		};
		25B2943919E384C5003AB83F /* PostcardTests */ = {
			isa = PBXGroup;
			children = (
				25B2943C19E384C5003AB83F /* PostcardTests.swift */,
				25B2943A19E384C5003AB83F /* Supporting Files */,
			);
			path = PostcardTests;
			sourceTree = "<group>";
		};
		25B2943A19E384C5003AB83F /* Supporting Files */ = {
			isa = PBXGroup;
			children = (
				25B2943B19E384C5003AB83F /* Info.plist */,
			);
			name = "Supporting Files";
			sourceTree = "<group>";
		};
/* End PBXGroup section */

/* Begin PBXNativeTarget section */
		25B2942019E384C5003AB83F /* Postcard */ = {
			isa = PBXNativeTarget;
			buildConfigurationList = 25B2944019E384C5003AB83F /* Build configuration list for PBXNativeTarget "Postcard" */;
			buildPhases = (
				25B2941D19E384C5003AB83F /* Sources */,
				25B2941E19E384C5003AB83F /* Frameworks */,
				25B2941F19E384C5003AB83F /* Resources */,
			);
			buildRules = (
			);
			dependencies = (
			);
			name = Postcard;
			productName = Postcard;
			productReference = 25B2942119E384C5003AB83F /* Postcard.app */;
			productType = "com.apple.product-type.application";
		};
		25B2943519E384C5003AB83F /* PostcardTests */ = {
			isa = PBXNativeTarget;
			buildConfigurationList = 25B2944319E384C5003AB83F /* Build configuration list for PBXNativeTarget "PostcardTests" */;
			buildPhases = (
				25B2943219E384C5003AB83F /* Sources */,
				25B2943319E384C5003AB83F /* Frameworks */,
				25B2943419E384C5003AB83F /* Resources */,
			);
			buildRules = (
			);
			dependencies = (
				25B2943819E384C5003AB83F /* PBXTargetDependency */,
			);
			name = PostcardTests;
			productName = PostcardTests;
			productReference = 25B2943619E384C5003AB83F /* PostcardTests.xctest */;
			productType = "com.apple.product-type.bundle.unit-test";
		};
/* End PBXNativeTarget section */

/* Begin PBXProject section */
		25B2941919E384C5003AB83F /* Project object */ = {
			isa = PBXProject;
			attributes = {
				LastUpgradeCheck = 0600;
				ORGANIZATIONNAME = "Justin Gazlay";
				TargetAttributes = {
					25B2942019E384C5003AB83F = {
						CreatedOnToolsVersion = 6.0.1;
					};
					25B2943519E384C5003AB83F = {
						CreatedOnToolsVersion = 6.0.1;
						TestTargetID = 25B2942019E384C5003AB83F;
					};
				};
			};
			buildConfigurationList = 25B2941C19E384C5003AB83F /* Build configuration list for PBXProject "Postcard" */;
			compatibilityVersion = "Xcode 3.2";
			developmentRegion = English;
			hasScannedForEncodings = 0;
			knownRegions = (
				en,
				Base,
			);
			mainGroup = 25B2941819E384C5003AB83F;
			productRefGroup = 25B2942219E384C5003AB83F /* Products */;
			projectDirPath = "";
			projectRoot = "";
			targets = (
				25B2942019E384C5003AB83F /* Postcard */,
				25B2943519E384C5003AB83F /* PostcardTests */,
			);
		};
/* End PBXProject section */

/* Begin PBXResourcesBuildPhase section */
		25B2941F19E384C5003AB83F /* Resources */ = {
			isa = PBXResourcesBuildPhase;
			buildActionMask = 2147483647;
			files = (
				25B2944819E38D90003AB83F /* AlbertEinsteinStamp.jpg in Resources */,
				25B2942C19E384C5003AB83F /* Main.storyboard in Resources */,
				25B2943119E384C5003AB83F /* LaunchScreen.xib in Resources */,
				25B2942E19E384C5003AB83F /* Images.xcassets in Resources */,
				25B2944919E38D90003AB83F /* SagradaFamilia.jpeg in Resources */,
			);
			runOnlyForDeploymentPostprocessing = 0;
		};
		25B2943419E384C5003AB83F /* Resources */ = {
			isa = PBXResourcesBuildPhase;
			buildActionMask = 2147483647;
			files = (
			);
			runOnlyForDeploymentPostprocessing = 0;
		};
/* End PBXResourcesBuildPhase section */

/* Begin PBXSourcesBuildPhase section */
		25B2941D19E384C5003AB83F /* Sources */ = {
			isa = PBXSourcesBuildPhase;
			buildActionMask = 2147483647;
			files = (
				25B2942919E384C5003AB83F /* ViewController.swift in Sources */,
				25B2942719E384C5003AB83F /* AppDelegate.swift in Sources */,
			);
			runOnlyForDeploymentPostprocessing = 0;
		};
		25B2943219E384C5003AB83F /* Sources */ = {
			isa = PBXSourcesBuildPhase;
			buildActionMask = 2147483647;
			files = (
				25B2943D19E384C5003AB83F /* PostcardTests.swift in Sources */,
			);
			runOnlyForDeploymentPostprocessing = 0;
		};
/* End PBXSourcesBuildPhase section */

/* Begin PBXTargetDependency section */
		25B2943819E384C5003AB83F /* PBXTargetDependency */ = {
			isa = PBXTargetDependency;
			target = 25B2942019E384C5003AB83F /* Postcard */;
			targetProxy = 25B2943719E384C5003AB83F /* PBXContainerItemProxy */;
		};
/* End PBXTargetDependency section */

/* Begin PBXVariantGroup section */
		25B2942A19E384C5003AB83F /* Main.storyboard */ = {
			isa = PBXVariantGroup;
			children = (
				25B2942B19E384C5003AB83F /* Base */,
			);
			name = Main.storyboard;
			sourceTree = "<group>";
		};
		25B2942F19E384C5003AB83F /* LaunchScreen.xib */ = {
			isa = PBXVariantGroup;
			children = (
				25B2943019E384C5003AB83F /* Base */,
			);
			name = LaunchScreen.xib;
			sourceTree = "<group>";
		};
/* End PBXVariantGroup section */

/* Begin XCBuildConfiguration section */
		25B2943E19E384C5003AB83F /* Debug */ = {
			isa = XCBuildConfiguration;
			buildSettings = {
				ALWAYS_SEARCH_USER_PATHS = NO;
				CLANG_CXX_LANGUAGE_STANDARD = "gnu++0x";
				CLANG_CXX_LIBRARY = "libc++";
				CLANG_ENABLE_MODULES = YES;
				CLANG_ENABLE_OBJC_ARC = YES;
				CLANG_WARN_BOOL_CONVERSION = YES;
				CLANG_WARN_CONSTANT_CONVERSION = YES;
				CLANG_WARN_DIRECT_OBJC_ISA_USAGE = YES_ERROR;
				CLANG_WARN_EMPTY_BODY = YES;
				CLANG_WARN_ENUM_CONVERSION = YES;
				CLANG_WARN_INT_CONVERSION = YES;
				CLANG_WARN_OBJC_ROOT_CLASS = YES_ERROR;
				CLANG_WARN_UNREACHABLE_CODE = YES;
				CLANG_WARN__DUPLICATE_METHOD_MATCH = YES;
				"CODE_SIGN_IDENTITY[sdk=iphoneos*]" = "iPhone Developer";
				COPY_PHASE_STRIP = NO;
				ENABLE_STRICT_OBJC_MSGSEND = YES;
				GCC_C_LANGUAGE_STANDARD = gnu99;
				GCC_DYNAMIC_NO_PIC = NO;
				GCC_OPTIMIZATION_LEVEL = 0;
				GCC_PREPROCESSOR_DEFINITIONS = (
					"DEBUG=1",
					"$(inherited)",
				);
				GCC_SYMBOLS_PRIVATE_EXTERN = NO;
				GCC_WARN_64_TO_32_BIT_CONVERSION = YES;
				GCC_WARN_ABOUT_RETURN_TYPE = YES_ERROR;
				GCC_WARN_UNDECLARED_SELECTOR = YES;
				GCC_WARN_UNINITIALIZED_AUTOS = YES_AGGRESSIVE;
				GCC_WARN_UNUSED_FUNCTION = YES;
				GCC_WARN_UNUSED_VARIABLE = YES;
				IPHONEOS_DEPLOYMENT_TARGET = 8.0;
				MTL_ENABLE_DEBUG_INFO = YES;
				ONLY_ACTIVE_ARCH = YES;
				SDKROOT = iphoneos;
				SWIFT_OPTIMIZATION_LEVEL = "-Onone";
				TARGETED_DEVICE_FAMILY = "1,2";
			};
			name = Debug;
		};
		25B2943F19E384C5003AB83F /* Release */ = {
			isa = XCBuildConfiguration;
			buildSettings = {
				ALWAYS_SEARCH_USER_PATHS = NO;
				CLANG_CXX_LANGUAGE_STANDARD = "gnu++0x";
				CLANG_CXX_LIBRARY = "libc++";
				CLANG_ENABLE_MODULES = YES;
				CLANG_ENABLE_OBJC_ARC = YES;
				CLANG_WARN_BOOL_CONVERSION = YES;
				CLANG_WARN_CONSTANT_CONVERSION = YES;
				CLANG_WARN_DIRECT_OBJC_ISA_USAGE = YES_ERROR;
				CLANG_WARN_EMPTY_BODY = YES;
				CLANG_WARN_ENUM_CONVERSION = YES;
				CLANG_WARN_INT_CONVERSION = YES;
				CLANG_WARN_OBJC_ROOT_CLASS = YES_ERROR;
				CLANG_WARN_UNREACHABLE_CODE = YES;
				CLANG_WARN__DUPLICATE_METHOD_MATCH = YES;
				"CODE_SIGN_IDENTITY[sdk=iphoneos*]" = "iPhone Developer";
				COPY_PHASE_STRIP = YES;
				ENABLE_NS_ASSERTIONS = NO;
				ENABLE_STRICT_OBJC_MSGSEND = YES;
				GCC_C_LANGUAGE_STANDARD = gnu99;
				GCC_WARN_64_TO_32_BIT_CONVERSION = YES;
				GCC_WARN_ABOUT_RETURN_TYPE = YES_ERROR;
				GCC_WARN_UNDECLARED_SELECTOR = YES;
				GCC_WARN_UNINITIALIZED_AUTOS = YES_AGGRESSIVE;
				GCC_WARN_UNUSED_FUNCTION = YES;
				GCC_WARN_UNUSED_VARIABLE = YES;
				IPHONEOS_DEPLOYMENT_TARGET = 8.0;
				MTL_ENABLE_DEBUG_INFO = NO;
				SDKROOT = iphoneos;
				TARGETED_DEVICE_FAMILY = "1,2";
				VALIDATE_PRODUCT = YES;
			};
			name = Release;
		};
		25B2944119E384C5003AB83F /* Debug */ = {
			isa = XCBuildConfiguration;
			buildSettings = {
				ASSETCATALOG_COMPILER_APPICON_NAME = AppIcon;
				INFOPLIST_FILE = Postcard/Info.plist;
				LD_RUNPATH_SEARCH_PATHS = "$(inherited) @executable_path/Frameworks";
				PRODUCT_NAME = "$(TARGET_NAME)";
			};
			name = Debug;
		};
		25B2944219E384C5003AB83F /* Release */ = {
			isa = XCBuildConfiguration;
			buildSettings = {
				ASSETCATALOG_COMPILER_APPICON_NAME = AppIcon;
				INFOPLIST_FILE = Postcard/Info.plist;
				LD_RUNPATH_SEARCH_PATHS = "$(inherited) @executable_path/Frameworks";
				PRODUCT_NAME = "$(TARGET_NAME)";
			};
			name = Release;
		};
		25B2944419E384C5003AB83F /* Debug */ = {
			isa = XCBuildConfiguration;
			buildSettings = {
				BUNDLE_LOADER = "$(TEST_HOST)";
				FRAMEWORK_SEARCH_PATHS = (
					"$(SDKROOT)/Developer/Library/Frameworks",
					"$(inherited)",
				);
				GCC_PREPROCESSOR_DEFINITIONS = (
					"DEBUG=1",
					"$(inherited)",
				);
				INFOPLIST_FILE = PostcardTests/Info.plist;
				LD_RUNPATH_SEARCH_PATHS = "$(inherited) @executable_path/Frameworks @loader_path/Frameworks";
				PRODUCT_NAME = "$(TARGET_NAME)";
				TEST_HOST = "$(BUILT_PRODUCTS_DIR)/Postcard.app/Postcard";
			};
			name = Debug;
		};
		25B2944519E384C5003AB83F /* Release */ = {
			isa = XCBuildConfiguration;
			buildSettings = {
				BUNDLE_LOADER = "$(TEST_HOST)";
				FRAMEWORK_SEARCH_PATHS = (
					"$(SDKROOT)/Developer/Library/Frameworks",
					"$(inherited)",
				);
				INFOPLIST_FILE = PostcardTests/Info.plist;
				LD_RUNPATH_SEARCH_PATHS = "$(inherited) @executable_path/Frameworks @loader_path/Frameworks";
				PRODUCT_NAME = "$(TARGET_NAME)";
				TEST_HOST = "$(BUILT_PRODUCTS_DIR)/Postcard.app/Postcard";
			};
			name = Release;
		};
/* End XCBuildConfiguration section */

/* Begin XCConfigurationList section */
		25B2941C19E384C5003AB83F /* Build configuration list for PBXProject "Postcard" */ = {
			isa = XCConfigurationList;
			buildConfigurations = (
				25B2943E19E384C5003AB83F /* Debug */,
				25B2943F19E384C5003AB83F /* Release */,
			);
			defaultConfigurationIsVisible = 0;
			defaultConfigurationName = Release;
		};
		25B2944019E384C5003AB83F /* Build configuration list for PBXNativeTarget "Postcard" */ = {
			isa = XCConfigurationList;
			buildConfigurations = (
				25B2944119E384C5003AB83F /* Debug */,
				25B2944219E384C5003AB83F /* Release */,
			);
			defaultConfigurationIsVisible = 0;
		};
		25B2944319E384C5003AB83F /* Build configuration list for PBXNativeTarget "PostcardTests" */ = {
			isa = XCConfigurationList;
			buildConfigurations = (
				25B2944419E384C5003AB83F /* Debug */,
				25B2944519E384C5003AB83F /* Release */,
			);
			defaultConfigurationIsVisible = 0;
		};
/* End XCConfigurationList section */
	};
	rootObject = 25B2941919E384C5003AB83F /* Project object */;
}
